
Microsoft Visual Studio Solution File, Format Version 12.00
# Visual Studio Version 17
VisualStudioVersion = 17.10.35013.160
MinimumVisualStudioVersion = 10.0.40219.1
Project("{FAE04EC0-301F-11D3-BF4B-00C04F79EFBC}") = "JadooProject", "JadooProject\JadooProject.csproj", "{DFD18F10-B6DF-45E0-BF91-0B0C681068C4}"
EndProject
Global
	GlobalSection(SolutionConfigurationPlatforms) = preSolution
		Debug|Any CPU = Debug|Any CPU
		Release|Any CPU = Release|Any CPU
	EndGlobalSection
	GlobalSection(ProjectConfigurationPlatforms) = postSolution
		{DFD18F10-B6DF-45E0-BF91-0B0C681068C4}.Debug|Any CPU.ActiveCfg = Debug|Any CPU
		{DFD18F10-B6DF-45E0-BF91-0B0C681068C4}.Debug|Any CPU.Build.0 = Debug|Any CPU
		{DFD18F10-B6DF-45E0-BF91-0B0C681068C4}.Release|Any CPU.ActiveCfg = Release|Any CPU
		{DFD18F10-B6DF-45E0-BF91-0B0C681068C4}.Release|Any CPU.Build.0 = Release|Any CPU
	EndGlobalSection
	GlobalSection(SolutionProperties) = preSolution
		HideSolutionNode = FALSE
	EndGlobalSection
	GlobalSection(ExtensibilityGlobals) = postSolution
		SolutionGuid = {96AD1B7D-72B7-4CF2-BBCE-E0A1C5C64784}
	EndGlobalSection
EndGlobal
